
Microsoft Visual Studio Solution File, Format Version 12.00
# Visual Studio Version 17
VisualStudioVersion = 17.7.34009.444
MinimumVisualStudioVersion = 10.0.40219.1
Project("{FAE04EC0-301F-11D3-BF4B-00C04F79EFBC}") = "MiJenner", "MiJenner\MiJenner.csproj", "{5B221561-BD99-4DC8-A31F-E3179121E36E}"
EndProject
Global
	GlobalSection(SolutionConfigurationPlatforms) = preSolution
		Debug|Any CPU = Debug|Any CPU
		Release|Any CPU = Release|Any CPU
	EndGlobalSection
	GlobalSection(ProjectConfigurationPlatforms) = postSolution
		{5B221561-BD99-4DC8-A31F-E3179121E36E}.Debug|Any CPU.ActiveCfg = Debug|Any CPU
		{5B221561-BD99-4DC8-A31F-E3179121E36E}.Debug|Any CPU.Build.0 = Debug|Any CPU
		{5B221561-BD99-4DC8-A31F-E3179121E36E}.Release|Any CPU.ActiveCfg = Release|Any CPU
		{5B221561-BD99-4DC8-A31F-E3179121E36E}.Release|Any CPU.Build.0 = Release|Any CPU
	EndGlobalSection
	GlobalSection(SolutionProperties) = preSolution
		HideSolutionNode = FALSE
	EndGlobalSection
	GlobalSection(ExtensibilityGlobals) = postSolution
		SolutionGuid = {E9F123D6-3ABC-49AD-B2F7-A57D6D81DBC8}
	EndGlobalSection
EndGlobal
